
Microsoft Visual Studio Solution File, Format Version 12.00
# Visual Studio Version 17
VisualStudioVersion = 17.8.34330.188
MinimumVisualStudioVersion = 10.0.40219.1
Project("{FAE04EC0-301F-11D3-BF4B-00C04F79EFBC}") = "ImportContactData", "ImportContactData\ImportContactData.csproj", "{C61C94EF-A896-4830-8E32-FEDD9D2DFFCF}"
EndProject
Global
	GlobalSection(SolutionConfigurationPlatforms) = preSolution
		Debug|Any CPU = Debug|Any CPU
		Release|Any CPU = Release|Any CPU
	EndGlobalSection
	GlobalSection(ProjectConfigurationPlatforms) = postSolution
		{C61C94EF-A896-4830-8E32-FEDD9D2DFFCF}.Debug|Any CPU.ActiveCfg = Debug|Any CPU
		{C61C94EF-A896-4830-8E32-FEDD9D2DFFCF}.Debug|Any CPU.Build.0 = Debug|Any CPU
		{C61C94EF-A896-4830-8E32-FEDD9D2DFFCF}.Release|Any CPU.ActiveCfg = Release|Any CPU
		{C61C94EF-A896-4830-8E32-FEDD9D2DFFCF}.Release|Any CPU.Build.0 = Release|Any CPU
	EndGlobalSection
	GlobalSection(SolutionProperties) = preSolution
		HideSolutionNode = FALSE
	EndGlobalSection
	GlobalSection(ExtensibilityGlobals) = postSolution
		SolutionGuid = {082B958C-175F-43BB-896C-49CAD5BC2992}
	EndGlobalSection
EndGlobal
